Microsoft Visual Studio Solution File, Format Version 12.00
# Visual Studio 14
Project("{8BC9CEB8-8B4A-11D0-8D11-00A0C91BC942}") = "ALL_BUILD", "ALL_BUILD.vcxproj", "{D3289AC0-12BE-3C08-A981-B2A8D1D1F17A}"
	ProjectSection(ProjectDependencies) = postProject
		{239E1C80-1432-3EF1-8D22-0E328E69F7C4} = {239E1C80-1432-3EF1-8D22-0E328E69F7C4}
		{B59B6337-26D4-3FE6-9181-4349ED19D993} = {B59B6337-26D4-3FE6-9181-4349ED19D993}
		{DF281E03-D6FA-3EAC-A0B1-F0C8A062F5D7} = {DF281E03-D6FA-3EAC-A0B1-F0C8A062F5D7}
		{50C7578C-EF2C-3DC6-B231-E525E74B186C} = {50C7578C-EF2C-3DC6-B231-E525E74B186C}
	EndProjectSection
EndProject
Project("{8BC9CEB8-8B4A-11D0-8D11-00A0C91BC942}") = "NvCloth", "NvCloth_bin\NvCloth.vcxproj", "{239E1C80-1432-3EF1-8D22-0E328E69F7C4}"
	ProjectSection(ProjectDependencies) = postProject
		{B59B6337-26D4-3FE6-9181-4349ED19D993} = {B59B6337-26D4-3FE6-9181-4349ED19D993}
		{50C7578C-EF2C-3DC6-B231-E525E74B186C} = {50C7578C-EF2C-3DC6-B231-E525E74B186C}
	EndProjectSection
EndProject
Project("{8BC9CEB8-8B4A-11D0-8D11-00A0C91BC942}") = "PxFoundation", "NvCloth_bin\pxshared_bin\PxFoundation.vcxproj", "{B59B6337-26D4-3FE6-9181-4349ED19D993}"
	ProjectSection(ProjectDependencies) = postProject
		{50C7578C-EF2C-3DC6-B231-E525E74B186C} = {50C7578C-EF2C-3DC6-B231-E525E74B186C}
	EndProjectSection
EndProject
Project("{8BC9CEB8-8B4A-11D0-8D11-00A0C91BC942}") = "SampleBase", "SampleBase.vcxproj", "{DF281E03-D6FA-3EAC-A0B1-F0C8A062F5D7}"
	ProjectSection(ProjectDependencies) = postProject
		{239E1C80-1432-3EF1-8D22-0E328E69F7C4} = {239E1C80-1432-3EF1-8D22-0E328E69F7C4}
		{B59B6337-26D4-3FE6-9181-4349ED19D993} = {B59B6337-26D4-3FE6-9181-4349ED19D993}
		{50C7578C-EF2C-3DC6-B231-E525E74B186C} = {50C7578C-EF2C-3DC6-B231-E525E74B186C}
	EndProjectSection
EndProject
Project("{8BC9CEB8-8B4A-11D0-8D11-00A0C91BC942}") = "ZERO_CHECK", "ZERO_CHECK.vcxproj", "{50C7578C-EF2C-3DC6-B231-E525E74B186C}"
	ProjectSection(ProjectDependencies) = postProject
	EndProjectSection
EndProject
Global
	GlobalSection(SolutionConfigurationPlatforms) = preSolution
		debug|x64 = debug|x64
		checked|x64 = checked|x64
		profile|x64 = profile|x64
		release|x64 = release|x64
	EndGlobalSection
	GlobalSection(ProjectConfigurationPlatforms) = postSolution
		{D3289AC0-12BE-3C08-A981-B2A8D1D1F17A}.debug|x64.ActiveCfg = debug|x64
		{D3289AC0-12BE-3C08-A981-B2A8D1D1F17A}.checked|x64.ActiveCfg = checked|x64
		{D3289AC0-12BE-3C08-A981-B2A8D1D1F17A}.profile|x64.ActiveCfg = profile|x64
		{D3289AC0-12BE-3C08-A981-B2A8D1D1F17A}.release|x64.ActiveCfg = release|x64
		{239E1C80-1432-3EF1-8D22-0E328E69F7C4}.debug|x64.ActiveCfg = debug|x64
		{239E1C80-1432-3EF1-8D22-0E328E69F7C4}.debug|x64.Build.0 = debug|x64
		{239E1C80-1432-3EF1-8D22-0E328E69F7C4}.checked|x64.ActiveCfg = checked|x64
		{239E1C80-1432-3EF1-8D22-0E328E69F7C4}.checked|x64.Build.0 = checked|x64
		{239E1C80-1432-3EF1-8D22-0E328E69F7C4}.profile|x64.ActiveCfg = profile|x64
		{239E1C80-1432-3EF1-8D22-0E328E69F7C4}.profile|x64.Build.0 = profile|x64
		{239E1C80-1432-3EF1-8D22-0E328E69F7C4}.release|x64.ActiveCfg = release|x64
		{239E1C80-1432-3EF1-8D22-0E328E69F7C4}.release|x64.Build.0 = release|x64
		{B59B6337-26D4-3FE6-9181-4349ED19D993}.debug|x64.ActiveCfg = debug|x64
		{B59B6337-26D4-3FE6-9181-4349ED19D993}.debug|x64.Build.0 = debug|x64
		{B59B6337-26D4-3FE6-9181-4349ED19D993}.checked|x64.ActiveCfg = checked|x64
		{B59B6337-26D4-3FE6-9181-4349ED19D993}.checked|x64.Build.0 = checked|x64
		{B59B6337-26D4-3FE6-9181-4349ED19D993}.profile|x64.ActiveCfg = profile|x64
		{B59B6337-26D4-3FE6-9181-4349ED19D993}.profile|x64.Build.0 = profile|x64
		{B59B6337-26D4-3FE6-9181-4349ED19D993}.release|x64.ActiveCfg = release|x64
		{B59B6337-26D4-3FE6-9181-4349ED19D993}.release|x64.Build.0 = release|x64
		{DF281E03-D6FA-3EAC-A0B1-F0C8A062F5D7}.debug|x64.ActiveCfg = debug|x64
		{DF281E03-D6FA-3EAC-A0B1-F0C8A062F5D7}.debug|x64.Build.0 = debug|x64
		{DF281E03-D6FA-3EAC-A0B1-F0C8A062F5D7}.checked|x64.ActiveCfg = checked|x64
		{DF281E03-D6FA-3EAC-A0B1-F0C8A062F5D7}.checked|x64.Build.0 = checked|x64
		{DF281E03-D6FA-3EAC-A0B1-F0C8A062F5D7}.profile|x64.ActiveCfg = profile|x64
		{DF281E03-D6FA-3EAC-A0B1-F0C8A062F5D7}.profile|x64.Build.0 = profile|x64
		{DF281E03-D6FA-3EAC-A0B1-F0C8A062F5D7}.release|x64.ActiveCfg = release|x64
		{DF281E03-D6FA-3EAC-A0B1-F0C8A062F5D7}.release|x64.Build.0 = release|x64
		{50C7578C-EF2C-3DC6-B231-E525E74B186C}.debug|x64.ActiveCfg = debug|x64
		{50C7578C-EF2C-3DC6-B231-E525E74B186C}.debug|x64.Build.0 = debug|x64
		{50C7578C-EF2C-3DC6-B231-E525E74B186C}.checked|x64.ActiveCfg = checked|x64
		{50C7578C-EF2C-3DC6-B231-E525E74B186C}.checked|x64.Build.0 = checked|x64
		{50C7578C-EF2C-3DC6-B231-E525E74B186C}.profile|x64.ActiveCfg = profile|x64
		{50C7578C-EF2C-3DC6-B231-E525E74B186C}.profile|x64.Build.0 = profile|x64
		{50C7578C-EF2C-3DC6-B231-E525E74B186C}.release|x64.ActiveCfg = release|x64
		{50C7578C-EF2C-3DC6-B231-E525E74B186C}.release|x64.Build.0 = release|x64
	EndGlobalSection
	GlobalSection(ExtensibilityGlobals) = postSolution
	EndGlobalSection
	GlobalSection(ExtensibilityAddIns) = postSolution
	EndGlobalSection
EndGlobal
