<?xml version="1.0" encoding="UTF-8"?>
<Project ToolsVersion="14.0" xmlns="http://schemas.microsoft.com/developer/msbuild/2003">
  <ItemGroup>
    <ClCompile Include="C:\Users\Julie\Documents\GitHub\NvCloth\NvCloth\samples\SampleBase\core\Application.cpp">
      <Filter>Source\core</Filter>
    </ClCompile>
    <ClCompile Include="C:\Users\Julie\Documents\GitHub\NvCloth\NvCloth\samples\SampleBase\core\DeviceManager.cpp">
      <Filter>Source\core</Filter>
    </ClCompile>
    <ClCompile Include="C:\Users\Julie\Documents\GitHub\NvCloth\NvCloth\samples\SampleBase\core\SampleController.cpp">
      <Filter>Source\core</Filter>
    </ClCompile>
    <ClCompile Include="C:\Users\Julie\Documents\GitHub\NvCloth\NvCloth\samples\SampleBase\core\SampleManager.cpp">
      <Filter>Source\core</Filter>
    </ClCompile>
    <ClCompile Include="C:\Users\Julie\Documents\GitHub\NvCloth\NvCloth\samples\SampleBase\renderer\ConvexRenderMesh.cpp">
      <Filter>Source\renderer</Filter>
    </ClCompile>
    <ClCompile Include="C:\Users\Julie\Documents\GitHub\NvCloth\NvCloth\samples\SampleBase\renderer\CustomRenderMesh.cpp">
      <Filter>Source\renderer</Filter>
    </ClCompile>
    <ClCompile Include="C:\Users\Julie\Documents\GitHub\NvCloth\NvCloth\samples\SampleBase\renderer\ClothRenderMesh.cpp">
      <Filter>Source\renderer</Filter>
    </ClCompile>
    <ClCompile Include="C:\Users\Julie\Documents\GitHub\NvCloth\NvCloth\samples\SampleBase\renderer\Mesh.cpp">
      <Filter>Source\renderer</Filter>
    </ClCompile>
    <ClCompile Include="C:\Users\Julie\Documents\GitHub\NvCloth\NvCloth\samples\SampleBase\renderer\PrimitiveRenderMesh.cpp">
      <Filter>Source\renderer</Filter>
    </ClCompile>
    <ClCompile Include="C:\Users\Julie\Documents\GitHub\NvCloth\NvCloth\samples\SampleBase\renderer\Renderable.cpp">
      <Filter>Source\renderer</Filter>
    </ClCompile>
    <ClCompile Include="C:\Users\Julie\Documents\GitHub\NvCloth\NvCloth\samples\SampleBase\renderer\Renderer.cpp">
      <Filter>Source\renderer</Filter>
    </ClCompile>
    <ClCompile Include="C:\Users\Julie\Documents\GitHub\NvCloth\NvCloth\samples\SampleBase\renderer\RendererHBAO.cpp">
      <Filter>Source\renderer</Filter>
    </ClCompile>
    <ClCompile Include="C:\Users\Julie\Documents\GitHub\NvCloth\NvCloth\samples\SampleBase\renderer\RendererShadow.cpp">
      <Filter>Source\renderer</Filter>
    </ClCompile>
    <ClCompile Include="C:\Users\Julie\Documents\GitHub\NvCloth\NvCloth\samples\SampleBase\renderer\RenderMaterial.cpp">
      <Filter>Source\renderer</Filter>
    </ClCompile>
    <ClCompile Include="C:\Users\Julie\Documents\GitHub\NvCloth\NvCloth\samples\SampleBase\renderer\ResourceManager.cpp">
      <Filter>Source\renderer</Filter>
    </ClCompile>
    <ClCompile Include="C:\Users\Julie\Documents\GitHub\NvCloth\NvCloth\samples\SampleBase\renderer\SkinnedRenderMesh.cpp">
      <Filter>Source\renderer</Filter>
    </ClCompile>
    <ClCompile Include="C:\Users\Julie\Documents\GitHub\NvCloth\NvCloth\samples\SampleBase\scene\SceneController.cpp">
      <Filter>Source\scene</Filter>
    </ClCompile>
    <ClCompile Include="C:\Users\Julie\Documents\GitHub\NvCloth\NvCloth\samples\SampleBase\scene\Scene.cpp">
      <Filter>Source\scene</Filter>
    </ClCompile>
    <ClCompile Include="C:\Users\Julie\Documents\GitHub\NvCloth\NvCloth\samples\SampleBase\scene\scenes\SimpleScene.cpp">
      <Filter>Source\scene\scenes</Filter>
    </ClCompile>
    <ClCompile Include="C:\Users\Julie\Documents\GitHub\NvCloth\NvCloth\samples\SampleBase\scene\scenes\WindScene.cpp">
      <Filter>Source\scene\scenes</Filter>
    </ClCompile>
    <ClCompile Include="C:\Users\Julie\Documents\GitHub\NvCloth\NvCloth\samples\SampleBase\scene\scenes\TetherScene.cpp">
      <Filter>Source\scene\scenes</Filter>
    </ClCompile>
    <ClCompile Include="C:\Users\Julie\Documents\GitHub\NvCloth\NvCloth\samples\SampleBase\scene\scenes\FrictionScene.cpp">
      <Filter>Source\scene\scenes</Filter>
    </ClCompile>
    <ClCompile Include="C:\Users\Julie\Documents\GitHub\NvCloth\NvCloth\samples\SampleBase\scene\scenes\FreeFallScene.cpp">
      <Filter>Source\scene\scenes</Filter>
    </ClCompile>
    <ClCompile Include="C:\Users\Julie\Documents\GitHub\NvCloth\NvCloth\samples\SampleBase\scene\scenes\SphereScene.cpp">
      <Filter>Source\scene\scenes</Filter>
    </ClCompile>
    <ClCompile Include="C:\Users\Julie\Documents\GitHub\NvCloth\NvCloth\samples\SampleBase\scene\scenes\StiffnessPerConstraintScene.cpp">
      <Filter>Source\scene\scenes</Filter>
    </ClCompile>
    <ClCompile Include="C:\Users\Julie\Documents\GitHub\NvCloth\NvCloth\samples\SampleBase\scene\scenes\GeodesicScene.cpp">
      <Filter>Source\scene\scenes</Filter>
    </ClCompile>
    <ClCompile Include="C:\Users\Julie\Documents\GitHub\NvCloth\NvCloth\samples\SampleBase\scene\scenes\LocalGlobalScene.cpp">
      <Filter>Source\scene\scenes</Filter>
    </ClCompile>
    <ClCompile Include="C:\Users\Julie\Documents\GitHub\NvCloth\NvCloth\samples\SampleBase\scene\scenes\DistanceConstraintScene.cpp">
      <Filter>Source\scene\scenes</Filter>
    </ClCompile>
    <ClCompile Include="C:\Users\Julie\Documents\GitHub\NvCloth\NvCloth\samples\SampleBase\scene\scenes\InterCollisionScene.cpp">
      <Filter>Source\scene\scenes</Filter>
    </ClCompile>
    <ClCompile Include="C:\Users\Julie\Documents\GitHub\NvCloth\NvCloth\samples\SampleBase\scene\scenes\SelfCollisionScene.cpp">
      <Filter>Source\scene\scenes</Filter>
    </ClCompile>
    <ClCompile Include="C:\Users\Julie\Documents\GitHub\NvCloth\NvCloth\samples\SampleBase\scene\scenes\TriangleScene.cpp">
      <Filter>Source\scene\scenes</Filter>
    </ClCompile>
    <ClCompile Include="C:\Users\Julie\Documents\GitHub\NvCloth\NvCloth\samples\SampleBase\scene\scenes\ConvexCollisionScene.cpp">
      <Filter>Source\scene\scenes</Filter>
    </ClCompile>
    <ClCompile Include="C:\Users\Julie\Documents\GitHub\NvCloth\NvCloth\samples\SampleBase\scene\scenes\PlaneCollisionScene.cpp">
      <Filter>Source\scene\scenes</Filter>
    </ClCompile>
    <ClCompile Include="C:\Users\Julie\Documents\GitHub\NvCloth\NvCloth\samples\SampleBase\scene\scenes\CapsuleScene.cpp">
      <Filter>Source\scene\scenes</Filter>
    </ClCompile>
    <ClCompile Include="C:\Users\Julie\Documents\GitHub\NvCloth\NvCloth\samples\SampleBase\scene\scenes\CCDScene.cpp">
      <Filter>Source\scene\scenes</Filter>
    </ClCompile>
    <ClCompile Include="C:\Users\Julie\Documents\GitHub\NvCloth\NvCloth\samples\SampleBase\scene\scenes\CCDScene2.cpp">
      <Filter>Source\scene\scenes</Filter>
    </ClCompile>
    <ClCompile Include="C:\Users\Julie\Documents\GitHub\NvCloth\NvCloth\samples\SampleBase\scene\scenes\MultiSolverScene.cpp">
      <Filter>Source\scene\scenes</Filter>
    </ClCompile>
    <ClCompile Include="C:\Users\Julie\Documents\GitHub\NvCloth\NvCloth\samples\SampleBase\scene\scenes\ScaledScene.cpp">
      <Filter>Source\scene\scenes</Filter>
    </ClCompile>
    <ClCompile Include="C:\Users\Julie\Documents\GitHub\NvCloth\NvCloth\samples\SampleBase\scene\scenes\TimeStepScene.cpp">
      <Filter>Source\scene\scenes</Filter>
    </ClCompile>
    <ClCompile Include="C:\Users\Julie\Documents\GitHub\NvCloth\NvCloth\samples\SampleBase\scene\scenes\VirtualParticleScene.cpp">
      <Filter>Source\scene\scenes</Filter>
    </ClCompile>
    <ClCompile Include="C:\Users\Julie\Documents\GitHub\NvCloth\NvCloth\samples\SampleBase\scene\scenes\TeleportScene.cpp">
      <Filter>Source\scene\scenes</Filter>
    </ClCompile>
    <ClCompile Include="C:\Users\Julie\Documents\GitHub\NvCloth\NvCloth\samples\SampleBase\ui\CommonUIController.cpp">
      <Filter>Source\ui</Filter>
    </ClCompile>
    <ClCompile Include="C:\Users\Julie\Documents\GitHub\NvCloth\NvCloth\samples\SampleBase\ui\imgui_impl_dx11.cpp">
      <Filter>Source\ui</Filter>
    </ClCompile>
    <ClCompile Include="C:\Users\Julie\Documents\GitHub\NvCloth\NvCloth\samples\SampleBase\utils\SampleProfiler.cpp">
      <Filter>Source\utils</Filter>
    </ClCompile>
    <ClCompile Include="C:\Users\Julie\Documents\GitHub\NvCloth\NvCloth\samples\SampleBase\utils\Utils.cpp">
      <Filter>Source\utils</Filter>
    </ClCompile>
    <ClCompile Include="C:\Users\Julie\Documents\GitHub\NvCloth\NvCloth\samples\SampleBase\utils\ClothMeshGenerator.cpp">
      <Filter>Source\utils</Filter>
    </ClCompile>
    <ClCompile Include="C:\Users\Julie\Documents\GitHub\NvCloth\NvCloth\samples\SampleBase\utils\CallbackImplementations.cpp">
      <Filter>Source\utils</Filter>
    </ClCompile>
    <ClCompile Include="C:\Users\Julie\Documents\GitHub\NvCloth\NvCloth\samples\SampleBase\utils\JobManager.cpp">
      <Filter>Source\utils</Filter>
    </ClCompile>
    <ClCompile Include="C:\Users\Julie\Documents\GitHub\NvCloth\NvCloth\samples\SampleBase\utils\DebugLineRenderBuffer.cpp">
      <Filter>Source\utils</Filter>
    </ClCompile>
    <ClCompile Include="C:\Users\Julie\Documents\GitHub\NvCloth\NvCloth\samples\SampleBase\utils\MeshGenerator.cpp">
      <Filter>Source\utils</Filter>
    </ClCompile>
    <ClCompile Include="C:\Users\Julie\Documents\GitHub\NvCloth\NvCloth\samples\SampleBase\utils\DataStream.cpp">
      <Filter>Source\utils</Filter>
    </ClCompile>
    <ClCompile Include="C:\Users\Julie\Documents\GitHub\NvCloth\NvCloth\samples\SampleBase\Main.cpp">
      <Filter>Source</Filter>
    </ClCompile>
    <ClCompile Include="C:\Users\Julie\Documents\GitHub\NvCloth\NvCloth\samples\external\imgui\1.49\imgui.cpp">
      <Filter>Source\imgui</Filter>
    </ClCompile>
    <ClCompile Include="C:\Users\Julie\Documents\GitHub\NvCloth\NvCloth\samples\external\imgui\1.49\imgui_demo.cpp">
      <Filter>Source\imgui</Filter>
    </ClCompile>
    <ClCompile Include="C:\Users\Julie\Documents\GitHub\NvCloth\NvCloth\samples\external\imgui\1.49\imgui_draw.cpp">
      <Filter>Source\imgui</Filter>
    </ClCompile>
  </ItemGroup>
  <ItemGroup>
    <ClInclude Include="C:\Users\Julie\Documents\GitHub\NvCloth\NvCloth\samples\SampleBase\core\Application.h">
      <Filter>Source\core</Filter>
    </ClInclude>
    <ClInclude Include="C:\Users\Julie\Documents\GitHub\NvCloth\NvCloth\samples\SampleBase\core\DeviceManager.h">
      <Filter>Source\core</Filter>
    </ClInclude>
    <ClInclude Include="C:\Users\Julie\Documents\GitHub\NvCloth\NvCloth\samples\SampleBase\core\SampleController.h">
      <Filter>Source\core</Filter>
    </ClInclude>
    <ClInclude Include="C:\Users\Julie\Documents\GitHub\NvCloth\NvCloth\samples\SampleBase\core\SampleManager.h">
      <Filter>Source\core</Filter>
    </ClInclude>
    <ClInclude Include="C:\Users\Julie\Documents\GitHub\NvCloth\NvCloth\samples\SampleBase\renderer\ConvexRenderMesh.h">
      <Filter>Source\renderer</Filter>
    </ClInclude>
    <ClInclude Include="C:\Users\Julie\Documents\GitHub\NvCloth\NvCloth\samples\SampleBase\renderer\CustomRenderMesh.h">
      <Filter>Source\renderer</Filter>
    </ClInclude>
    <ClInclude Include="C:\Users\Julie\Documents\GitHub\NvCloth\NvCloth\samples\SampleBase\renderer\ClothRenderMesh.h">
      <Filter>Source\renderer</Filter>
    </ClInclude>
    <ClInclude Include="C:\Users\Julie\Documents\GitHub\NvCloth\NvCloth\samples\SampleBase\renderer\DebugRenderBuffer.h">
      <Filter>Source\renderer</Filter>
    </ClInclude>
    <ClInclude Include="C:\Users\Julie\Documents\GitHub\NvCloth\NvCloth\samples\SampleBase\renderer\Mesh.h">
      <Filter>Source\renderer</Filter>
    </ClInclude>
    <ClInclude Include="C:\Users\Julie\Documents\GitHub\NvCloth\NvCloth\samples\SampleBase\renderer\PrimitiveRenderMesh.h">
      <Filter>Source\renderer</Filter>
    </ClInclude>
    <ClInclude Include="C:\Users\Julie\Documents\GitHub\NvCloth\NvCloth\samples\SampleBase\renderer\PxPhysXCommonConfig.h">
      <Filter>Source\renderer</Filter>
    </ClInclude>
    <ClInclude Include="C:\Users\Julie\Documents\GitHub\NvCloth\NvCloth\samples\SampleBase\renderer\PxRenderBuffer.h">
      <Filter>Source\renderer</Filter>
    </ClInclude>
    <ClInclude Include="C:\Users\Julie\Documents\GitHub\NvCloth\NvCloth\samples\SampleBase\renderer\Renderable.h">
      <Filter>Source\renderer</Filter>
    </ClInclude>
    <ClInclude Include="C:\Users\Julie\Documents\GitHub\NvCloth\NvCloth\samples\SampleBase\renderer\Renderer.h">
      <Filter>Source\renderer</Filter>
    </ClInclude>
    <ClInclude Include="C:\Users\Julie\Documents\GitHub\NvCloth\NvCloth\samples\SampleBase\renderer\RendererHBAO.h">
      <Filter>Source\renderer</Filter>
    </ClInclude>
    <ClInclude Include="C:\Users\Julie\Documents\GitHub\NvCloth\NvCloth\samples\SampleBase\renderer\RendererShadow.h">
      <Filter>Source\renderer</Filter>
    </ClInclude>
    <ClInclude Include="C:\Users\Julie\Documents\GitHub\NvCloth\NvCloth\samples\SampleBase\renderer\RenderMaterial.h">
      <Filter>Source\renderer</Filter>
    </ClInclude>
    <ClInclude Include="C:\Users\Julie\Documents\GitHub\NvCloth\NvCloth\samples\SampleBase\renderer\RenderUtils.h">
      <Filter>Source\renderer</Filter>
    </ClInclude>
    <ClInclude Include="C:\Users\Julie\Documents\GitHub\NvCloth\NvCloth\samples\SampleBase\renderer\ResourceManager.h">
      <Filter>Source\renderer</Filter>
    </ClInclude>
    <ClInclude Include="C:\Users\Julie\Documents\GitHub\NvCloth\NvCloth\samples\SampleBase\renderer\ShaderUtils.h">
      <Filter>Source\renderer</Filter>
    </ClInclude>
    <ClInclude Include="C:\Users\Julie\Documents\GitHub\NvCloth\NvCloth\samples\SampleBase\renderer\SkinnedRenderMesh.h">
      <Filter>Source\renderer</Filter>
    </ClInclude>
    <ClInclude Include="C:\Users\Julie\Documents\GitHub\NvCloth\NvCloth\samples\SampleBase\scene\SceneController.h">
      <Filter>Source\scene</Filter>
    </ClInclude>
    <ClInclude Include="C:\Users\Julie\Documents\GitHub\NvCloth\NvCloth\samples\SampleBase\scene\Scene.h">
      <Filter>Source\scene</Filter>
    </ClInclude>
    <ClInclude Include="C:\Users\Julie\Documents\GitHub\NvCloth\NvCloth\samples\SampleBase\scene\scenes\SimpleScene.h">
      <Filter>Source\scene\scenes</Filter>
    </ClInclude>
    <ClInclude Include="C:\Users\Julie\Documents\GitHub\NvCloth\NvCloth\samples\SampleBase\scene\scenes\WindScene.h">
      <Filter>Source\scene\scenes</Filter>
    </ClInclude>
    <ClInclude Include="C:\Users\Julie\Documents\GitHub\NvCloth\NvCloth\samples\SampleBase\scene\scenes\TetherScene.h">
      <Filter>Source\scene\scenes</Filter>
    </ClInclude>
    <ClInclude Include="C:\Users\Julie\Documents\GitHub\NvCloth\NvCloth\samples\SampleBase\scene\scenes\FrictionScene.h">
      <Filter>Source\scene\scenes</Filter>
    </ClInclude>
    <ClInclude Include="C:\Users\Julie\Documents\GitHub\NvCloth\NvCloth\samples\SampleBase\scene\scenes\FreeFallScene.h">
      <Filter>Source\scene\scenes</Filter>
    </ClInclude>
    <ClInclude Include="C:\Users\Julie\Documents\GitHub\NvCloth\NvCloth\samples\SampleBase\scene\scenes\SphereScene.h">
      <Filter>Source\scene\scenes</Filter>
    </ClInclude>
    <ClInclude Include="C:\Users\Julie\Documents\GitHub\NvCloth\NvCloth\samples\SampleBase\scene\scenes\StiffnessPerConstraintScene.h">
      <Filter>Source\scene\scenes</Filter>
    </ClInclude>
    <ClInclude Include="C:\Users\Julie\Documents\GitHub\NvCloth\NvCloth\samples\SampleBase\scene\scenes\GeodesicScene.h">
      <Filter>Source\scene\scenes</Filter>
    </ClInclude>
    <ClInclude Include="C:\Users\Julie\Documents\GitHub\NvCloth\NvCloth\samples\SampleBase\scene\scenes\LocalGlobalScene.h">
      <Filter>Source\scene\scenes</Filter>
    </ClInclude>
    <ClInclude Include="C:\Users\Julie\Documents\GitHub\NvCloth\NvCloth\samples\SampleBase\scene\scenes\DistanceConstraintScene.h">
      <Filter>Source\scene\scenes</Filter>
    </ClInclude>
    <ClInclude Include="C:\Users\Julie\Documents\GitHub\NvCloth\NvCloth\samples\SampleBase\scene\scenes\InterCollisionScene.h">
      <Filter>Source\scene\scenes</Filter>
    </ClInclude>
    <ClInclude Include="C:\Users\Julie\Documents\GitHub\NvCloth\NvCloth\samples\SampleBase\scene\scenes\SelfCollisionScene.h">
      <Filter>Source\scene\scenes</Filter>
    </ClInclude>
    <ClInclude Include="C:\Users\Julie\Documents\GitHub\NvCloth\NvCloth\samples\SampleBase\scene\scenes\TriangleScene.h">
      <Filter>Source\scene\scenes</Filter>
    </ClInclude>
    <ClInclude Include="C:\Users\Julie\Documents\GitHub\NvCloth\NvCloth\samples\SampleBase\scene\scenes\ConvexCollisionScene.h">
      <Filter>Source\scene\scenes</Filter>
    </ClInclude>
    <ClInclude Include="C:\Users\Julie\Documents\GitHub\NvCloth\NvCloth\samples\SampleBase\scene\scenes\PlaneCollisionScene.h">
      <Filter>Source\scene\scenes</Filter>
    </ClInclude>
    <ClInclude Include="C:\Users\Julie\Documents\GitHub\NvCloth\NvCloth\samples\SampleBase\scene\scenes\CapsuleScene.h">
      <Filter>Source\scene\scenes</Filter>
    </ClInclude>
    <ClInclude Include="C:\Users\Julie\Documents\GitHub\NvCloth\NvCloth\samples\SampleBase\scene\scenes\CCDScene.h">
      <Filter>Source\scene\scenes</Filter>
    </ClInclude>
    <ClInclude Include="C:\Users\Julie\Documents\GitHub\NvCloth\NvCloth\samples\SampleBase\scene\scenes\CCDScene2.h">
      <Filter>Source\scene\scenes</Filter>
    </ClInclude>
    <ClInclude Include="C:\Users\Julie\Documents\GitHub\NvCloth\NvCloth\samples\SampleBase\scene\scenes\MultiSolverScene.h">
      <Filter>Source\scene\scenes</Filter>
    </ClInclude>
    <ClInclude Include="C:\Users\Julie\Documents\GitHub\NvCloth\NvCloth\samples\SampleBase\scene\scenes\ScaledScene.h">
      <Filter>Source\scene\scenes</Filter>
    </ClInclude>
    <ClInclude Include="C:\Users\Julie\Documents\GitHub\NvCloth\NvCloth\samples\SampleBase\scene\scenes\TimeStepScene.h">
      <Filter>Source\scene\scenes</Filter>
    </ClInclude>
    <ClInclude Include="C:\Users\Julie\Documents\GitHub\NvCloth\NvCloth\samples\SampleBase\scene\scenes\VirtualParticleScene.h">
      <Filter>Source\scene\scenes</Filter>
    </ClInclude>
    <ClInclude Include="C:\Users\Julie\Documents\GitHub\NvCloth\NvCloth\samples\SampleBase\scene\scenes\TeleportScene.h">
      <Filter>Source\scene\scenes</Filter>
    </ClInclude>
    <ClInclude Include="C:\Users\Julie\Documents\GitHub\NvCloth\NvCloth\samples\SampleBase\ui\CommonUIController.h">
      <Filter>Source\ui</Filter>
    </ClInclude>
    <ClInclude Include="C:\Users\Julie\Documents\GitHub\NvCloth\NvCloth\samples\SampleBase\ui\imgui_impl_dx11.h">
      <Filter>Source\ui</Filter>
    </ClInclude>
    <ClInclude Include="C:\Users\Julie\Documents\GitHub\NvCloth\NvCloth\samples\SampleBase\utils\SampleProfiler.h">
      <Filter>Source\utils</Filter>
    </ClInclude>
    <ClInclude Include="C:\Users\Julie\Documents\GitHub\NvCloth\NvCloth\samples\SampleBase\utils\SampleTime.h">
      <Filter>Source\utils</Filter>
    </ClInclude>
    <ClInclude Include="C:\Users\Julie\Documents\GitHub\NvCloth\NvCloth\samples\SampleBase\utils\UIHelpers.h">
      <Filter>Source\utils</Filter>
    </ClInclude>
    <ClInclude Include="C:\Users\Julie\Documents\GitHub\NvCloth\NvCloth\samples\SampleBase\utils\Utils.h">
      <Filter>Source\utils</Filter>
    </ClInclude>
    <ClInclude Include="C:\Users\Julie\Documents\GitHub\NvCloth\NvCloth\samples\SampleBase\utils\ClothMeshGenerator.h">
      <Filter>Source\utils</Filter>
    </ClInclude>
    <ClInclude Include="C:\Users\Julie\Documents\GitHub\NvCloth\NvCloth\samples\SampleBase\utils\CallbackImplementations.h">
      <Filter>Source\utils</Filter>
    </ClInclude>
    <ClInclude Include="C:\Users\Julie\Documents\GitHub\NvCloth\NvCloth\samples\SampleBase\utils\JobManager.h">
      <Filter>Source\utils</Filter>
    </ClInclude>
    <ClInclude Include="C:\Users\Julie\Documents\GitHub\NvCloth\NvCloth\samples\SampleBase\utils\DebugLineRenderBuffer.h">
      <Filter>Source\utils</Filter>
    </ClInclude>
    <ClInclude Include="C:\Users\Julie\Documents\GitHub\NvCloth\NvCloth\samples\SampleBase\utils\MeshGenerator.h">
      <Filter>Source\utils</Filter>
    </ClInclude>
    <ClInclude Include="C:\Users\Julie\Documents\GitHub\NvCloth\NvCloth\samples\SampleBase\utils\DataStream.h">
      <Filter>Source\utils</Filter>
    </ClInclude>
    <ClInclude Include="C:\Users\Julie\Documents\GitHub\NvCloth\NvCloth\samples\SampleBase\task\PxCpuDispatcher.h">
      <Filter>Source\task</Filter>
    </ClInclude>
    <ClInclude Include="C:\Users\Julie\Documents\GitHub\NvCloth\NvCloth\samples\SampleBase\task\PxGpuDispatcher.h">
      <Filter>Source\task</Filter>
    </ClInclude>
    <ClInclude Include="C:\Users\Julie\Documents\GitHub\NvCloth\NvCloth\samples\SampleBase\task\PxGpuTask.h">
      <Filter>Source\task</Filter>
    </ClInclude>
    <ClInclude Include="C:\Users\Julie\Documents\GitHub\NvCloth\NvCloth\samples\SampleBase\task\PxTask.h">
      <Filter>Source\task</Filter>
    </ClInclude>
    <ClInclude Include="C:\Users\Julie\Documents\GitHub\NvCloth\NvCloth\samples\SampleBase\task\PxTaskDefine.h">
      <Filter>Source\task</Filter>
    </ClInclude>
    <ClInclude Include="C:\Users\Julie\Documents\GitHub\NvCloth\NvCloth\samples\SampleBase\task\PxTaskManager.h">
      <Filter>Source\task</Filter>
    </ClInclude>
    <ClInclude Include="C:\Users\Julie\Documents\GitHub\NvCloth\NvCloth\samples\SampleBase\Sample.h">
      <Filter>Source</Filter>
    </ClInclude>
    <ClInclude Include="C:\Users\Julie\Documents\GitHub\NvCloth\NvCloth\samples\external\imgui\1.49\imconfig.h">
      <Filter>Source\imgui</Filter>
    </ClInclude>
    <ClInclude Include="C:\Users\Julie\Documents\GitHub\NvCloth\NvCloth\samples\external\imgui\1.49\imgui.h">
      <Filter>Source\imgui</Filter>
    </ClInclude>
    <ClInclude Include="C:\Users\Julie\Documents\GitHub\NvCloth\NvCloth\samples\external\imgui\1.49\imgui_internal.h">
      <Filter>Source\imgui</Filter>
    </ClInclude>
    <ClInclude Include="C:\Users\Julie\Documents\GitHub\NvCloth\NvCloth\samples\external\imgui\1.49\stb_rect_pack.h">
      <Filter>Source\imgui</Filter>
    </ClInclude>
    <ClInclude Include="C:\Users\Julie\Documents\GitHub\NvCloth\NvCloth\samples\external\imgui\1.49\stb_textedit.h">
      <Filter>Source\imgui</Filter>
    </ClInclude>
    <ClInclude Include="C:\Users\Julie\Documents\GitHub\NvCloth\NvCloth\samples\external\imgui\1.49\stb_truetype.h">
      <Filter>Source\imgui</Filter>
    </ClInclude>
  </ItemGroup>
  <ItemGroup>
    <CustomBuild Include="C:\Users\Julie\Documents\GitHub\NvCloth\NvCloth\samples\CMakeLists.txt" />
  </ItemGroup>
  <ItemGroup>
    <Filter Include="Source\scene\scenes">
      <UniqueIdentifier>{A807D58B-05E2-31D1-9E91-0E1CE4D3973D}</UniqueIdentifier>
    </Filter>
    <Filter Include="Source">
      <UniqueIdentifier>{DAED4362-C4A0-33A3-A688-1EB7494129EE}</UniqueIdentifier>
    </Filter>
    <Filter Include="Source\core">
      <UniqueIdentifier>{5A0ACFB3-469C-3FA4-B598-588F37CD89CB}</UniqueIdentifier>
    </Filter>
    <Filter Include="Source\imgui">
      <UniqueIdentifier>{2500DC69-9E90-3CEE-B0C7-4E2B3DAA9E24}</UniqueIdentifier>
    </Filter>
    <Filter Include="Source\renderer">
      <UniqueIdentifier>{22B41AAA-63BD-33A3-9F15-23454B341D22}</UniqueIdentifier>
    </Filter>
    <Filter Include="Source\scene">
      <UniqueIdentifier>{05C9F462-7C83-3ADB-83EC-51F58DB7B372}</UniqueIdentifier>
    </Filter>
    <Filter Include="Source\ui">
      <UniqueIdentifier>{7313D389-0EF6-3934-80F1-EBB8D49A2FAF}</UniqueIdentifier>
    </Filter>
    <Filter Include="Source\utils">
      <UniqueIdentifier>{50031DAC-BC59-3096-89B2-135567877AEA}</UniqueIdentifier>
    </Filter>
    <Filter Include="Source\task">
      <UniqueIdentifier>{DBFD2640-E5CC-3DC6-BB61-2D46F528502D}</UniqueIdentifier>
    </Filter>
  </ItemGroup>
</Project>
