<?xml version="1.0" encoding="UTF-8"?>
<Project ToolsVersion="14.0" xmlns="http://schemas.microsoft.com/developer/msbuild/2003">
  <ItemGroup>
    <ClCompile Include="C:\Users\Julie\Documents\GitHub\NvCloth\PxShared\src\foundation\src\PsAllocator.cpp">
      <Filter>src\src</Filter>
    </ClCompile>
    <ClCompile Include="C:\Users\Julie\Documents\GitHub\NvCloth\PxShared\src\foundation\src\PsAssert.cpp">
      <Filter>src\src</Filter>
    </ClCompile>
    <ClCompile Include="C:\Users\Julie\Documents\GitHub\NvCloth\PxShared\src\foundation\src\PsFoundation.cpp">
      <Filter>src\src</Filter>
    </ClCompile>
    <ClCompile Include="C:\Users\Julie\Documents\GitHub\NvCloth\PxShared\src\foundation\src\PsMathUtils.cpp">
      <Filter>src\src</Filter>
    </ClCompile>
    <ClCompile Include="C:\Users\Julie\Documents\GitHub\NvCloth\PxShared\src\foundation\src\PsString.cpp">
      <Filter>src\src</Filter>
    </ClCompile>
    <ClCompile Include="C:\Users\Julie\Documents\GitHub\NvCloth\PxShared\src\foundation\src\PsTempAllocator.cpp">
      <Filter>src\src</Filter>
    </ClCompile>
    <ClCompile Include="C:\Users\Julie\Documents\GitHub\NvCloth\PxShared\src\foundation\src\PsUtilities.cpp">
      <Filter>src\src</Filter>
    </ClCompile>
    <ClCompile Include="C:\Users\Julie\Documents\GitHub\NvCloth\PxShared\src\foundation\src\windows\PsWindowsAtomic.cpp">
      <Filter>src\src\windows</Filter>
    </ClCompile>
    <ClCompile Include="C:\Users\Julie\Documents\GitHub\NvCloth\PxShared\src\foundation\src\windows\PsWindowsCpu.cpp">
      <Filter>src\src\windows</Filter>
    </ClCompile>
    <ClCompile Include="C:\Users\Julie\Documents\GitHub\NvCloth\PxShared\src\foundation\src\windows\PsWindowsFPU.cpp">
      <Filter>src\src\windows</Filter>
    </ClCompile>
    <ClCompile Include="C:\Users\Julie\Documents\GitHub\NvCloth\PxShared\src\foundation\src\windows\PsWindowsMutex.cpp">
      <Filter>src\src\windows</Filter>
    </ClCompile>
    <ClCompile Include="C:\Users\Julie\Documents\GitHub\NvCloth\PxShared\src\foundation\src\windows\PsWindowsPrintString.cpp">
      <Filter>src\src\windows</Filter>
    </ClCompile>
    <ClCompile Include="C:\Users\Julie\Documents\GitHub\NvCloth\PxShared\src\foundation\src\windows\PsWindowsSList.cpp">
      <Filter>src\src\windows</Filter>
    </ClCompile>
    <ClCompile Include="C:\Users\Julie\Documents\GitHub\NvCloth\PxShared\src\foundation\src\windows\PsWindowsSocket.cpp">
      <Filter>src\src\windows</Filter>
    </ClCompile>
    <ClCompile Include="C:\Users\Julie\Documents\GitHub\NvCloth\PxShared\src\foundation\src\windows\PsWindowsSync.cpp">
      <Filter>src\src\windows</Filter>
    </ClCompile>
    <ClCompile Include="C:\Users\Julie\Documents\GitHub\NvCloth\PxShared\src\foundation\src\windows\PsWindowsThread.cpp">
      <Filter>src\src\windows</Filter>
    </ClCompile>
    <ClCompile Include="C:\Users\Julie\Documents\GitHub\NvCloth\PxShared\src\foundation\src\windows\PsWindowsTime.cpp">
      <Filter>src\src\windows</Filter>
    </ClCompile>
  </ItemGroup>
  <ItemGroup>
    <ClInclude Include="C:\Users\Julie\Documents\GitHub\NvCloth\PxShared\src\foundation\include\Ps.h">
      <Filter>src\include</Filter>
    </ClInclude>
    <ClInclude Include="C:\Users\Julie\Documents\GitHub\NvCloth\PxShared\src\foundation\include\PsAlignedMalloc.h">
      <Filter>src\include</Filter>
    </ClInclude>
    <ClInclude Include="C:\Users\Julie\Documents\GitHub\NvCloth\PxShared\src\foundation\include\PsAlloca.h">
      <Filter>src\include</Filter>
    </ClInclude>
    <ClInclude Include="C:\Users\Julie\Documents\GitHub\NvCloth\PxShared\src\foundation\include\PsAllocator.h">
      <Filter>src\include</Filter>
    </ClInclude>
    <ClInclude Include="C:\Users\Julie\Documents\GitHub\NvCloth\PxShared\src\foundation\include\PsAoS.h">
      <Filter>src\include</Filter>
    </ClInclude>
    <ClInclude Include="C:\Users\Julie\Documents\GitHub\NvCloth\PxShared\src\foundation\include\PsArray.h">
      <Filter>src\include</Filter>
    </ClInclude>
    <ClInclude Include="C:\Users\Julie\Documents\GitHub\NvCloth\PxShared\src\foundation\include\PsAtomic.h">
      <Filter>src\include</Filter>
    </ClInclude>
    <ClInclude Include="C:\Users\Julie\Documents\GitHub\NvCloth\PxShared\src\foundation\include\PsBasicTemplates.h">
      <Filter>src\include</Filter>
    </ClInclude>
    <ClInclude Include="C:\Users\Julie\Documents\GitHub\NvCloth\PxShared\src\foundation\include\PsBitUtils.h">
      <Filter>src\include</Filter>
    </ClInclude>
    <ClInclude Include="C:\Users\Julie\Documents\GitHub\NvCloth\PxShared\src\foundation\include\PsBroadcast.h">
      <Filter>src\include</Filter>
    </ClInclude>
    <ClInclude Include="C:\Users\Julie\Documents\GitHub\NvCloth\PxShared\src\foundation\include\PsCpu.h">
      <Filter>src\include</Filter>
    </ClInclude>
    <ClInclude Include="C:\Users\Julie\Documents\GitHub\NvCloth\PxShared\src\foundation\include\PsFoundation.h">
      <Filter>src\include</Filter>
    </ClInclude>
    <ClInclude Include="C:\Users\Julie\Documents\GitHub\NvCloth\PxShared\src\foundation\include\PsFPU.h">
      <Filter>src\include</Filter>
    </ClInclude>
    <ClInclude Include="C:\Users\Julie\Documents\GitHub\NvCloth\PxShared\src\foundation\include\PsHash.h">
      <Filter>src\include</Filter>
    </ClInclude>
    <ClInclude Include="C:\Users\Julie\Documents\GitHub\NvCloth\PxShared\src\foundation\include\PsHashInternals.h">
      <Filter>src\include</Filter>
    </ClInclude>
    <ClInclude Include="C:\Users\Julie\Documents\GitHub\NvCloth\PxShared\src\foundation\include\PsHashMap.h">
      <Filter>src\include</Filter>
    </ClInclude>
    <ClInclude Include="C:\Users\Julie\Documents\GitHub\NvCloth\PxShared\src\foundation\include\PsHashSet.h">
      <Filter>src\include</Filter>
    </ClInclude>
    <ClInclude Include="C:\Users\Julie\Documents\GitHub\NvCloth\PxShared\src\foundation\include\PsInlineAllocator.h">
      <Filter>src\include</Filter>
    </ClInclude>
    <ClInclude Include="C:\Users\Julie\Documents\GitHub\NvCloth\PxShared\src\foundation\include\PsInlineAoS.h">
      <Filter>src\include</Filter>
    </ClInclude>
    <ClInclude Include="C:\Users\Julie\Documents\GitHub\NvCloth\PxShared\src\foundation\include\PsInlineArray.h">
      <Filter>src\include</Filter>
    </ClInclude>
    <ClInclude Include="C:\Users\Julie\Documents\GitHub\NvCloth\PxShared\src\foundation\include\PsIntrinsics.h">
      <Filter>src\include</Filter>
    </ClInclude>
    <ClInclude Include="C:\Users\Julie\Documents\GitHub\NvCloth\PxShared\src\foundation\include\PsMathUtils.h">
      <Filter>src\include</Filter>
    </ClInclude>
    <ClInclude Include="C:\Users\Julie\Documents\GitHub\NvCloth\PxShared\src\foundation\include\PsMutex.h">
      <Filter>src\include</Filter>
    </ClInclude>
    <ClInclude Include="C:\Users\Julie\Documents\GitHub\NvCloth\PxShared\src\foundation\include\PsPool.h">
      <Filter>src\include</Filter>
    </ClInclude>
    <ClInclude Include="C:\Users\Julie\Documents\GitHub\NvCloth\PxShared\src\foundation\include\PsSList.h">
      <Filter>src\include</Filter>
    </ClInclude>
    <ClInclude Include="C:\Users\Julie\Documents\GitHub\NvCloth\PxShared\src\foundation\include\PsSocket.h">
      <Filter>src\include</Filter>
    </ClInclude>
    <ClInclude Include="C:\Users\Julie\Documents\GitHub\NvCloth\PxShared\src\foundation\include\PsSort.h">
      <Filter>src\include</Filter>
    </ClInclude>
    <ClInclude Include="C:\Users\Julie\Documents\GitHub\NvCloth\PxShared\src\foundation\include\PsSortInternals.h">
      <Filter>src\include</Filter>
    </ClInclude>
    <ClInclude Include="C:\Users\Julie\Documents\GitHub\NvCloth\PxShared\src\foundation\include\PsString.h">
      <Filter>src\include</Filter>
    </ClInclude>
    <ClInclude Include="C:\Users\Julie\Documents\GitHub\NvCloth\PxShared\src\foundation\include\PsSync.h">
      <Filter>src\include</Filter>
    </ClInclude>
    <ClInclude Include="C:\Users\Julie\Documents\GitHub\NvCloth\PxShared\src\foundation\include\PsTempAllocator.h">
      <Filter>src\include</Filter>
    </ClInclude>
    <ClInclude Include="C:\Users\Julie\Documents\GitHub\NvCloth\PxShared\src\foundation\include\PsThread.h">
      <Filter>src\include</Filter>
    </ClInclude>
    <ClInclude Include="C:\Users\Julie\Documents\GitHub\NvCloth\PxShared\src\foundation\include\PsTime.h">
      <Filter>src\include</Filter>
    </ClInclude>
    <ClInclude Include="C:\Users\Julie\Documents\GitHub\NvCloth\PxShared\src\foundation\include\PsUserAllocated.h">
      <Filter>src\include</Filter>
    </ClInclude>
    <ClInclude Include="C:\Users\Julie\Documents\GitHub\NvCloth\PxShared\src\foundation\include\PsUtilities.h">
      <Filter>src\include</Filter>
    </ClInclude>
    <ClInclude Include="C:\Users\Julie\Documents\GitHub\NvCloth\PxShared\src\foundation\include\PsVecMath.h">
      <Filter>src\include</Filter>
    </ClInclude>
    <ClInclude Include="C:\Users\Julie\Documents\GitHub\NvCloth\PxShared\src\foundation\include\PsVecMathAoSScalar.h">
      <Filter>src\include</Filter>
    </ClInclude>
    <ClInclude Include="C:\Users\Julie\Documents\GitHub\NvCloth\PxShared\src\foundation\include\PsVecMathAoSScalarInline.h">
      <Filter>src\include</Filter>
    </ClInclude>
    <ClInclude Include="C:\Users\Julie\Documents\GitHub\NvCloth\PxShared\src\foundation\include\PsVecMathSSE.h">
      <Filter>src\include</Filter>
    </ClInclude>
    <ClInclude Include="C:\Users\Julie\Documents\GitHub\NvCloth\PxShared\src\foundation\include\PsVecMathUtilities.h">
      <Filter>src\include</Filter>
    </ClInclude>
    <ClInclude Include="C:\Users\Julie\Documents\GitHub\NvCloth\PxShared\src\foundation\include\PsVecQuat.h">
      <Filter>src\include</Filter>
    </ClInclude>
    <ClInclude Include="C:\Users\Julie\Documents\GitHub\NvCloth\PxShared\src\foundation\include\PsVecTransform.h">
      <Filter>src\include</Filter>
    </ClInclude>
    <ClInclude Include="C:\Users\Julie\Documents\GitHub\NvCloth\PxShared\include\foundation\Px.h">
      <Filter>include</Filter>
    </ClInclude>
    <ClInclude Include="C:\Users\Julie\Documents\GitHub\NvCloth\PxShared\include\foundation\PxAllocatorCallback.h">
      <Filter>include</Filter>
    </ClInclude>
    <ClInclude Include="C:\Users\Julie\Documents\GitHub\NvCloth\PxShared\include\foundation\PxAssert.h">
      <Filter>include</Filter>
    </ClInclude>
    <ClInclude Include="C:\Users\Julie\Documents\GitHub\NvCloth\PxShared\include\foundation\PxBitAndData.h">
      <Filter>include</Filter>
    </ClInclude>
    <ClInclude Include="C:\Users\Julie\Documents\GitHub\NvCloth\PxShared\include\foundation\PxBounds3.h">
      <Filter>include</Filter>
    </ClInclude>
    <ClInclude Include="C:\Users\Julie\Documents\GitHub\NvCloth\PxShared\include\foundation\PxErrorCallback.h">
      <Filter>include</Filter>
    </ClInclude>
    <ClInclude Include="C:\Users\Julie\Documents\GitHub\NvCloth\PxShared\include\foundation\PxErrors.h">
      <Filter>include</Filter>
    </ClInclude>
    <ClInclude Include="C:\Users\Julie\Documents\GitHub\NvCloth\PxShared\include\foundation\PxFlags.h">
      <Filter>include</Filter>
    </ClInclude>
    <ClInclude Include="C:\Users\Julie\Documents\GitHub\NvCloth\PxShared\include\foundation\PxFoundation.h">
      <Filter>include</Filter>
    </ClInclude>
    <ClInclude Include="C:\Users\Julie\Documents\GitHub\NvCloth\PxShared\include\foundation\PxFoundationVersion.h">
      <Filter>include</Filter>
    </ClInclude>
    <ClInclude Include="C:\Users\Julie\Documents\GitHub\NvCloth\PxShared\include\foundation\PxIntrinsics.h">
      <Filter>include</Filter>
    </ClInclude>
    <ClInclude Include="C:\Users\Julie\Documents\GitHub\NvCloth\PxShared\include\foundation\PxIO.h">
      <Filter>include</Filter>
    </ClInclude>
    <ClInclude Include="C:\Users\Julie\Documents\GitHub\NvCloth\PxShared\include\foundation\PxMat33.h">
      <Filter>include</Filter>
    </ClInclude>
    <ClInclude Include="C:\Users\Julie\Documents\GitHub\NvCloth\PxShared\include\foundation\PxMat44.h">
      <Filter>include</Filter>
    </ClInclude>
    <ClInclude Include="C:\Users\Julie\Documents\GitHub\NvCloth\PxShared\include\foundation\PxMath.h">
      <Filter>include</Filter>
    </ClInclude>
    <ClInclude Include="C:\Users\Julie\Documents\GitHub\NvCloth\PxShared\include\foundation\PxMathUtils.h">
      <Filter>include</Filter>
    </ClInclude>
    <ClInclude Include="C:\Users\Julie\Documents\GitHub\NvCloth\PxShared\include\foundation\PxMemory.h">
      <Filter>include</Filter>
    </ClInclude>
    <ClInclude Include="C:\Users\Julie\Documents\GitHub\NvCloth\PxShared\include\foundation\PxPlane.h">
      <Filter>include</Filter>
    </ClInclude>
    <ClInclude Include="C:\Users\Julie\Documents\GitHub\NvCloth\PxShared\include\foundation\PxPreprocessor.h">
      <Filter>include</Filter>
    </ClInclude>
    <ClInclude Include="C:\Users\Julie\Documents\GitHub\NvCloth\PxShared\include\foundation\PxProfiler.h">
      <Filter>include</Filter>
    </ClInclude>
    <ClInclude Include="C:\Users\Julie\Documents\GitHub\NvCloth\PxShared\include\foundation\PxQuat.h">
      <Filter>include</Filter>
    </ClInclude>
    <ClInclude Include="C:\Users\Julie\Documents\GitHub\NvCloth\PxShared\include\foundation\PxSimpleTypes.h">
      <Filter>include</Filter>
    </ClInclude>
    <ClInclude Include="C:\Users\Julie\Documents\GitHub\NvCloth\PxShared\include\foundation\PxStrideIterator.h">
      <Filter>include</Filter>
    </ClInclude>
    <ClInclude Include="C:\Users\Julie\Documents\GitHub\NvCloth\PxShared\include\foundation\PxTransform.h">
      <Filter>include</Filter>
    </ClInclude>
    <ClInclude Include="C:\Users\Julie\Documents\GitHub\NvCloth\PxShared\include\foundation\PxUnionCast.h">
      <Filter>include</Filter>
    </ClInclude>
    <ClInclude Include="C:\Users\Julie\Documents\GitHub\NvCloth\PxShared\include\foundation\PxVec2.h">
      <Filter>include</Filter>
    </ClInclude>
    <ClInclude Include="C:\Users\Julie\Documents\GitHub\NvCloth\PxShared\include\foundation\PxVec3.h">
      <Filter>include</Filter>
    </ClInclude>
    <ClInclude Include="C:\Users\Julie\Documents\GitHub\NvCloth\PxShared\include\foundation\PxVec4.h">
      <Filter>include</Filter>
    </ClInclude>
    <ClInclude Include="C:\Users\Julie\Documents\GitHub\NvCloth\PxShared\src\foundation\include\windows\PsWindowsAoS.h">
      <Filter>src\include\windows</Filter>
    </ClInclude>
    <ClInclude Include="C:\Users\Julie\Documents\GitHub\NvCloth\PxShared\src\foundation\include\windows\PsWindowsFPU.h">
      <Filter>src\include\windows</Filter>
    </ClInclude>
    <ClInclude Include="C:\Users\Julie\Documents\GitHub\NvCloth\PxShared\src\foundation\include\windows\PsWindowsInclude.h">
      <Filter>src\include\windows</Filter>
    </ClInclude>
    <ClInclude Include="C:\Users\Julie\Documents\GitHub\NvCloth\PxShared\src\foundation\include\windows\PsWindowsInlineAoS.h">
      <Filter>src\include\windows</Filter>
    </ClInclude>
    <ClInclude Include="C:\Users\Julie\Documents\GitHub\NvCloth\PxShared\src\foundation\include\windows\PsWindowsIntrinsics.h">
      <Filter>src\include\windows</Filter>
    </ClInclude>
    <ClInclude Include="C:\Users\Julie\Documents\GitHub\NvCloth\PxShared\src\foundation\include\windows\PsWindowsLoadLibrary.h">
      <Filter>src\include\windows</Filter>
    </ClInclude>
    <ClInclude Include="C:\Users\Julie\Documents\GitHub\NvCloth\PxShared\src\foundation\include\windows\PsWindowsTrigConstants.h">
      <Filter>src\include\windows</Filter>
    </ClInclude>
    <ClInclude Include="C:\Users\Julie\Documents\GitHub\NvCloth\PxShared\include\foundation\windows\PxWindowsIntrinsics.h">
      <Filter>include\windows</Filter>
    </ClInclude>
    <ClInclude Include="C:\Users\Julie\Documents\GitHub\NvCloth\PxShared\include\foundation\windows\PxWindowsFoundationDelayLoadHook.h">
      <Filter>include\windows</Filter>
    </ClInclude>
  </ItemGroup>
  <ItemGroup>
    <CustomBuild Include="C:\Users\Julie\Documents\GitHub\NvCloth\PxShared\src\compiler\cmake\windows\CMakeLists.txt" />
  </ItemGroup>
  <ItemGroup>
    <ResourceCompile Include="C:\Users\Julie\Documents\GitHub\NvCloth\PxShared\src\compiler\resource_x64\PxFoundation.rc">
      <Filter>resource</Filter>
    </ResourceCompile>
  </ItemGroup>
  <ItemGroup>
    <Filter Include="include\windows">
      <UniqueIdentifier>{ED46C9CF-5A7C-39BE-B618-4E20D0F0A326}</UniqueIdentifier>
    </Filter>
    <Filter Include="src\src\windows">
      <UniqueIdentifier>{F8F1F849-8378-3F6F-86BF-4B6BD6E5D921}</UniqueIdentifier>
    </Filter>
    <Filter Include="src\include\windows">
      <UniqueIdentifier>{C66E5A7B-69B3-3A0F-A7F6-2BB20218A743}</UniqueIdentifier>
    </Filter>
    <Filter Include="src\src">
      <UniqueIdentifier>{0632A1D0-5286-3087-B639-33F75F77C93F}</UniqueIdentifier>
    </Filter>
    <Filter Include="src\include">
      <UniqueIdentifier>{18A24F54-D0C7-3ECA-B630-A863F80A32D6}</UniqueIdentifier>
    </Filter>
    <Filter Include="resource">
      <UniqueIdentifier>{2D68A71A-0012-38CF-884A-C6926E7CC714}</UniqueIdentifier>
    </Filter>
    <Filter Include="include">
      <UniqueIdentifier>{AD187B94-D477-376F-8097-C63417B680D6}</UniqueIdentifier>
    </Filter>
    <Filter Include="src">
      <UniqueIdentifier>{4D0DC5E2-6B4C-35C6-81E5-C3849FFCFB2E}</UniqueIdentifier>
    </Filter>
  </ItemGroup>
</Project>
