Microsoft Visual Studio Solution File, Format Version 12.00
# Visual Studio 14
Project("{8BC9CEB8-8B4A-11D0-8D11-00A0C91BC942}") = "ALL_BUILD", "ALL_BUILD.vcxproj", "{59D7741F-EEFF-369E-834B-22CEB92FDF51}"
	ProjectSection(ProjectDependencies) = postProject
		{A5276071-8FFB-3954-8490-4F4EA2A08719} = {A5276071-8FFB-3954-8490-4F4EA2A08719}
		{CEA7373A-AB54-386C-A3E5-C8A9C3D43CB6} = {CEA7373A-AB54-386C-A3E5-C8A9C3D43CB6}
		{BB08BC4D-8B97-323B-9F26-EB92D3CB4CD7} = {BB08BC4D-8B97-323B-9F26-EB92D3CB4CD7}
	EndProjectSection
EndProject
Project("{8BC9CEB8-8B4A-11D0-8D11-00A0C91BC942}") = "NvCloth", "NvCloth.vcxproj", "{A5276071-8FFB-3954-8490-4F4EA2A08719}"
	ProjectSection(ProjectDependencies) = postProject
		{CEA7373A-AB54-386C-A3E5-C8A9C3D43CB6} = {CEA7373A-AB54-386C-A3E5-C8A9C3D43CB6}
		{BB08BC4D-8B97-323B-9F26-EB92D3CB4CD7} = {BB08BC4D-8B97-323B-9F26-EB92D3CB4CD7}
	EndProjectSection
EndProject
Project("{8BC9CEB8-8B4A-11D0-8D11-00A0C91BC942}") = "PxFoundation", "pxshared_bin\PxFoundation.vcxproj", "{CEA7373A-AB54-386C-A3E5-C8A9C3D43CB6}"
	ProjectSection(ProjectDependencies) = postProject
		{BB08BC4D-8B97-323B-9F26-EB92D3CB4CD7} = {BB08BC4D-8B97-323B-9F26-EB92D3CB4CD7}
	EndProjectSection
EndProject
Project("{8BC9CEB8-8B4A-11D0-8D11-00A0C91BC942}") = "ZERO_CHECK", "ZERO_CHECK.vcxproj", "{BB08BC4D-8B97-323B-9F26-EB92D3CB4CD7}"
	ProjectSection(ProjectDependencies) = postProject
	EndProjectSection
EndProject
Global
	GlobalSection(SolutionConfigurationPlatforms) = preSolution
		debug|x64 = debug|x64
		checked|x64 = checked|x64
		profile|x64 = profile|x64
		release|x64 = release|x64
	EndGlobalSection
	GlobalSection(ProjectConfigurationPlatforms) = postSolution
		{59D7741F-EEFF-369E-834B-22CEB92FDF51}.debug|x64.ActiveCfg = debug|x64
		{59D7741F-EEFF-369E-834B-22CEB92FDF51}.checked|x64.ActiveCfg = checked|x64
		{59D7741F-EEFF-369E-834B-22CEB92FDF51}.profile|x64.ActiveCfg = profile|x64
		{59D7741F-EEFF-369E-834B-22CEB92FDF51}.release|x64.ActiveCfg = release|x64
		{A5276071-8FFB-3954-8490-4F4EA2A08719}.debug|x64.ActiveCfg = debug|x64
		{A5276071-8FFB-3954-8490-4F4EA2A08719}.debug|x64.Build.0 = debug|x64
		{A5276071-8FFB-3954-8490-4F4EA2A08719}.checked|x64.ActiveCfg = checked|x64
		{A5276071-8FFB-3954-8490-4F4EA2A08719}.checked|x64.Build.0 = checked|x64
		{A5276071-8FFB-3954-8490-4F4EA2A08719}.profile|x64.ActiveCfg = profile|x64
		{A5276071-8FFB-3954-8490-4F4EA2A08719}.profile|x64.Build.0 = profile|x64
		{A5276071-8FFB-3954-8490-4F4EA2A08719}.release|x64.ActiveCfg = release|x64
		{A5276071-8FFB-3954-8490-4F4EA2A08719}.release|x64.Build.0 = release|x64
		{CEA7373A-AB54-386C-A3E5-C8A9C3D43CB6}.debug|x64.ActiveCfg = debug|x64
		{CEA7373A-AB54-386C-A3E5-C8A9C3D43CB6}.debug|x64.Build.0 = debug|x64
		{CEA7373A-AB54-386C-A3E5-C8A9C3D43CB6}.checked|x64.ActiveCfg = checked|x64
		{CEA7373A-AB54-386C-A3E5-C8A9C3D43CB6}.checked|x64.Build.0 = checked|x64
		{CEA7373A-AB54-386C-A3E5-C8A9C3D43CB6}.profile|x64.ActiveCfg = profile|x64
		{CEA7373A-AB54-386C-A3E5-C8A9C3D43CB6}.profile|x64.Build.0 = profile|x64
		{CEA7373A-AB54-386C-A3E5-C8A9C3D43CB6}.release|x64.ActiveCfg = release|x64
		{CEA7373A-AB54-386C-A3E5-C8A9C3D43CB6}.release|x64.Build.0 = release|x64
		{BB08BC4D-8B97-323B-9F26-EB92D3CB4CD7}.debug|x64.ActiveCfg = debug|x64
		{BB08BC4D-8B97-323B-9F26-EB92D3CB4CD7}.debug|x64.Build.0 = debug|x64
		{BB08BC4D-8B97-323B-9F26-EB92D3CB4CD7}.checked|x64.ActiveCfg = checked|x64
		{BB08BC4D-8B97-323B-9F26-EB92D3CB4CD7}.checked|x64.Build.0 = checked|x64
		{BB08BC4D-8B97-323B-9F26-EB92D3CB4CD7}.profile|x64.ActiveCfg = profile|x64
		{BB08BC4D-8B97-323B-9F26-EB92D3CB4CD7}.profile|x64.Build.0 = profile|x64
		{BB08BC4D-8B97-323B-9F26-EB92D3CB4CD7}.release|x64.ActiveCfg = release|x64
		{BB08BC4D-8B97-323B-9F26-EB92D3CB4CD7}.release|x64.Build.0 = release|x64
	EndGlobalSection
	GlobalSection(ExtensibilityGlobals) = postSolution
	EndGlobalSection
	GlobalSection(ExtensibilityAddIns) = postSolution
	EndGlobalSection
EndGlobal
