<?xml version="1.0" encoding="UTF-8"?>
<Project ToolsVersion="14.0" xmlns="http://schemas.microsoft.com/developer/msbuild/2003">
  <ItemGroup>
    <CustomBuild Include="C:\Users\Julie\Documents\GitHub\NvCloth\NvCloth\compiler\vc14win64-cmake\CMakeFiles\69f1f5fa9ed1c938483ddb277837814d\generate.stamp.rule">
      <Filter>CMake Rules</Filter>
    </CustomBuild>
  </ItemGroup>
  <ItemGroup>
    <Filter Include="CMake Rules">
      <UniqueIdentifier>{40DE6F1E-320A-3E29-B88B-9E3B109EBB1D}</UniqueIdentifier>
    </Filter>
  </ItemGroup>
</Project>
