<?xml version="1.0" encoding="UTF-8"?>
<Project ToolsVersion="14.0" xmlns="http://schemas.microsoft.com/developer/msbuild/2003">
  <ItemGroup>
    <ClCompile Include="C:\Users\Julie\Documents\GitHub\NvCloth\NvCloth\src\cuda\CuCloth.cpp">
      <Filter>src\cuda</Filter>
    </ClCompile>
    <ClCompile Include="C:\Users\Julie\Documents\GitHub\NvCloth\NvCloth\src\cuda\CuClothClone.cpp">
      <Filter>src\cuda</Filter>
    </ClCompile>
    <ClCompile Include="C:\Users\Julie\Documents\GitHub\NvCloth\NvCloth\src\cuda\CuClothData.cpp">
      <Filter>src\cuda</Filter>
    </ClCompile>
    <ClCompile Include="C:\Users\Julie\Documents\GitHub\NvCloth\NvCloth\src\cuda\CuContextLock.cpp">
      <Filter>src\cuda</Filter>
    </ClCompile>
    <ClCompile Include="C:\Users\Julie\Documents\GitHub\NvCloth\NvCloth\src\cuda\CuFabric.cpp">
      <Filter>src\cuda</Filter>
    </ClCompile>
    <ClCompile Include="C:\Users\Julie\Documents\GitHub\NvCloth\NvCloth\src\cuda\CuFactory.cpp">
      <Filter>src\cuda</Filter>
    </ClCompile>
    <ClCompile Include="C:\Users\Julie\Documents\GitHub\NvCloth\NvCloth\src\cuda\CuSolver.cpp">
      <Filter>src\cuda</Filter>
    </ClCompile>
    <ClCompile Include="C:\Users\Julie\Documents\GitHub\NvCloth\NvCloth\src\dx\DxCloth.cpp">
      <Filter>src\dx</Filter>
    </ClCompile>
    <ClCompile Include="C:\Users\Julie\Documents\GitHub\NvCloth\NvCloth\src\dx\DxClothClone.cpp">
      <Filter>src\dx</Filter>
    </ClCompile>
    <ClCompile Include="C:\Users\Julie\Documents\GitHub\NvCloth\NvCloth\src\dx\DxClothData.cpp">
      <Filter>src\dx</Filter>
    </ClCompile>
    <ClCompile Include="C:\Users\Julie\Documents\GitHub\NvCloth\NvCloth\src\dx\DxContextLock.cpp">
      <Filter>src\dx</Filter>
    </ClCompile>
    <ClCompile Include="C:\Users\Julie\Documents\GitHub\NvCloth\NvCloth\src\dx\DxFabric.cpp">
      <Filter>src\dx</Filter>
    </ClCompile>
    <ClCompile Include="C:\Users\Julie\Documents\GitHub\NvCloth\NvCloth\src\dx\DxFactory.cpp">
      <Filter>src\dx</Filter>
    </ClCompile>
    <ClCompile Include="C:\Users\Julie\Documents\GitHub\NvCloth\NvCloth\src\dx\DxSolver.cpp">
      <Filter>src\dx</Filter>
    </ClCompile>
    <ClCompile Include="C:\Users\Julie\Documents\GitHub\NvCloth\NvCloth\src\avx\SwSolveConstraints.cpp">
      <Filter>src\avx</Filter>
    </ClCompile>
    <ClCompile Include="C:\Users\Julie\Documents\GitHub\NvCloth\NvCloth\src\Allocator.cpp">
      <Filter>src</Filter>
    </ClCompile>
    <ClCompile Include="C:\Users\Julie\Documents\GitHub\NvCloth\NvCloth\src\Callbacks.cpp">
      <Filter>src</Filter>
    </ClCompile>
    <ClCompile Include="C:\Users\Julie\Documents\GitHub\NvCloth\NvCloth\src\Factory.cpp">
      <Filter>src</Filter>
    </ClCompile>
    <ClCompile Include="C:\Users\Julie\Documents\GitHub\NvCloth\NvCloth\src\PhaseConfig.cpp">
      <Filter>src</Filter>
    </ClCompile>
    <ClCompile Include="C:\Users\Julie\Documents\GitHub\NvCloth\NvCloth\src\SwCloth.cpp">
      <Filter>src</Filter>
    </ClCompile>
    <ClCompile Include="C:\Users\Julie\Documents\GitHub\NvCloth\NvCloth\src\SwClothData.cpp">
      <Filter>src</Filter>
    </ClCompile>
    <ClCompile Include="C:\Users\Julie\Documents\GitHub\NvCloth\NvCloth\src\SwCollision.cpp">
      <Filter>src</Filter>
    </ClCompile>
    <ClCompile Include="C:\Users\Julie\Documents\GitHub\NvCloth\NvCloth\src\SwFabric.cpp">
      <Filter>src</Filter>
    </ClCompile>
    <ClCompile Include="C:\Users\Julie\Documents\GitHub\NvCloth\NvCloth\src\SwFactory.cpp">
      <Filter>src</Filter>
    </ClCompile>
    <ClCompile Include="C:\Users\Julie\Documents\GitHub\NvCloth\NvCloth\src\SwInterCollision.cpp">
      <Filter>src</Filter>
    </ClCompile>
    <ClCompile Include="C:\Users\Julie\Documents\GitHub\NvCloth\NvCloth\src\SwSelfCollision.cpp">
      <Filter>src</Filter>
    </ClCompile>
    <ClCompile Include="C:\Users\Julie\Documents\GitHub\NvCloth\NvCloth\src\SwSolver.cpp">
      <Filter>src</Filter>
    </ClCompile>
    <ClCompile Include="C:\Users\Julie\Documents\GitHub\NvCloth\NvCloth\src\SwSolverKernel.cpp">
      <Filter>src</Filter>
    </ClCompile>
    <ClCompile Include="C:\Users\Julie\Documents\GitHub\NvCloth\NvCloth\src\TripletScheduler.cpp">
      <Filter>src</Filter>
    </ClCompile>
    <ClCompile Include="C:\Users\Julie\Documents\GitHub\NvCloth\NvCloth\extensions\src\ClothFabricCooker.cpp">
      <Filter>extensions\src</Filter>
    </ClCompile>
    <ClCompile Include="C:\Users\Julie\Documents\GitHub\NvCloth\NvCloth\extensions\src\ClothGeodesicTetherCooker.cpp">
      <Filter>extensions\src</Filter>
    </ClCompile>
    <ClCompile Include="C:\Users\Julie\Documents\GitHub\NvCloth\NvCloth\extensions\src\ClothMeshQuadifier.cpp">
      <Filter>extensions\src</Filter>
    </ClCompile>
    <ClCompile Include="C:\Users\Julie\Documents\GitHub\NvCloth\NvCloth\extensions\src\ClothSimpleTetherCooker.cpp">
      <Filter>extensions\src</Filter>
    </ClCompile>
  </ItemGroup>
  <ItemGroup>
    <ClInclude Include="C:\Users\Julie\Documents\GitHub\NvCloth\NvCloth\src\cuda\CuCheckSuccess.h">
      <Filter>src\cuda</Filter>
    </ClInclude>
    <ClInclude Include="C:\Users\Julie\Documents\GitHub\NvCloth\NvCloth\src\cuda\CuCloth.h">
      <Filter>src\cuda</Filter>
    </ClInclude>
    <ClInclude Include="C:\Users\Julie\Documents\GitHub\NvCloth\NvCloth\src\cuda\CuClothData.h">
      <Filter>src\cuda</Filter>
    </ClInclude>
    <ClInclude Include="C:\Users\Julie\Documents\GitHub\NvCloth\NvCloth\src\cuda\CuCollision.h">
      <Filter>src\cuda</Filter>
    </ClInclude>
    <ClInclude Include="C:\Users\Julie\Documents\GitHub\NvCloth\NvCloth\src\cuda\CuContextLock.h">
      <Filter>src\cuda</Filter>
    </ClInclude>
    <ClInclude Include="C:\Users\Julie\Documents\GitHub\NvCloth\NvCloth\src\cuda\CuDevicePointer.h">
      <Filter>src\cuda</Filter>
    </ClInclude>
    <ClInclude Include="C:\Users\Julie\Documents\GitHub\NvCloth\NvCloth\src\cuda\CuDeviceVector.h">
      <Filter>src\cuda</Filter>
    </ClInclude>
    <ClInclude Include="C:\Users\Julie\Documents\GitHub\NvCloth\NvCloth\src\cuda\CuFabric.h">
      <Filter>src\cuda</Filter>
    </ClInclude>
    <ClInclude Include="C:\Users\Julie\Documents\GitHub\NvCloth\NvCloth\src\cuda\CuFactory.h">
      <Filter>src\cuda</Filter>
    </ClInclude>
    <ClInclude Include="C:\Users\Julie\Documents\GitHub\NvCloth\NvCloth\src\cuda\CuPhaseConfig.h">
      <Filter>src\cuda</Filter>
    </ClInclude>
    <ClInclude Include="C:\Users\Julie\Documents\GitHub\NvCloth\NvCloth\src\cuda\CuPinnedAllocator.h">
      <Filter>src\cuda</Filter>
    </ClInclude>
    <ClInclude Include="C:\Users\Julie\Documents\GitHub\NvCloth\NvCloth\src\cuda\CuSelfCollision.h">
      <Filter>src\cuda</Filter>
    </ClInclude>
    <ClInclude Include="C:\Users\Julie\Documents\GitHub\NvCloth\NvCloth\src\cuda\CuSolver.h">
      <Filter>src\cuda</Filter>
    </ClInclude>
    <ClInclude Include="C:\Users\Julie\Documents\GitHub\NvCloth\NvCloth\src\cuda\CuSolverKernel.h">
      <Filter>src\cuda</Filter>
    </ClInclude>
    <ClInclude Include="C:\Users\Julie\Documents\GitHub\NvCloth\NvCloth\src\cuda\CuSolverKernelBlob.h">
      <Filter>src\cuda</Filter>
    </ClInclude>
    <ClInclude Include="C:\Users\Julie\Documents\GitHub\NvCloth\NvCloth\src\dx\DxBatchedVector.h">
      <Filter>src\dx</Filter>
    </ClInclude>
    <ClInclude Include="C:\Users\Julie\Documents\GitHub\NvCloth\NvCloth\src\dx\DxCheckSuccess.h">
      <Filter>src\dx</Filter>
    </ClInclude>
    <ClInclude Include="C:\Users\Julie\Documents\GitHub\NvCloth\NvCloth\src\dx\DxCloth.h">
      <Filter>src\dx</Filter>
    </ClInclude>
    <ClInclude Include="C:\Users\Julie\Documents\GitHub\NvCloth\NvCloth\src\dx\DxClothData.h">
      <Filter>src\dx</Filter>
    </ClInclude>
    <ClInclude Include="C:\Users\Julie\Documents\GitHub\NvCloth\NvCloth\src\dx\DxContextLock.h">
      <Filter>src\dx</Filter>
    </ClInclude>
    <ClInclude Include="C:\Users\Julie\Documents\GitHub\NvCloth\NvCloth\src\dx\DxDeviceVector.h">
      <Filter>src\dx</Filter>
    </ClInclude>
    <ClInclude Include="C:\Users\Julie\Documents\GitHub\NvCloth\NvCloth\src\dx\DxFabric.h">
      <Filter>src\dx</Filter>
    </ClInclude>
    <ClInclude Include="C:\Users\Julie\Documents\GitHub\NvCloth\NvCloth\src\dx\DxFactory.h">
      <Filter>src\dx</Filter>
    </ClInclude>
    <ClInclude Include="C:\Users\Julie\Documents\GitHub\NvCloth\NvCloth\src\dx\DxSolver.h">
      <Filter>src\dx</Filter>
    </ClInclude>
    <ClInclude Include="C:\Users\Julie\Documents\GitHub\NvCloth\NvCloth\src\dx\DxSolverKernelBlob.h">
      <Filter>src\dx</Filter>
    </ClInclude>
    <ClInclude Include="C:\Users\Julie\Documents\GitHub\NvCloth\NvCloth\include\NvCloth\Allocator.h">
      <Filter>include\NvCloth</Filter>
    </ClInclude>
    <ClInclude Include="C:\Users\Julie\Documents\GitHub\NvCloth\NvCloth\include\NvCloth\Callbacks.h">
      <Filter>include\NvCloth</Filter>
    </ClInclude>
    <ClInclude Include="C:\Users\Julie\Documents\GitHub\NvCloth\NvCloth\include\NvCloth\Cloth.h">
      <Filter>include\NvCloth</Filter>
    </ClInclude>
    <ClInclude Include="C:\Users\Julie\Documents\GitHub\NvCloth\NvCloth\include\NvCloth\DxContextManagerCallback.h">
      <Filter>include\NvCloth</Filter>
    </ClInclude>
    <ClInclude Include="C:\Users\Julie\Documents\GitHub\NvCloth\NvCloth\include\NvCloth\Fabric.h">
      <Filter>include\NvCloth</Filter>
    </ClInclude>
    <ClInclude Include="C:\Users\Julie\Documents\GitHub\NvCloth\NvCloth\include\NvCloth\Factory.h">
      <Filter>include\NvCloth</Filter>
    </ClInclude>
    <ClInclude Include="C:\Users\Julie\Documents\GitHub\NvCloth\NvCloth\include\NvCloth\PhaseConfig.h">
      <Filter>include\NvCloth</Filter>
    </ClInclude>
    <ClInclude Include="C:\Users\Julie\Documents\GitHub\NvCloth\NvCloth\include\NvCloth\Range.h">
      <Filter>include\NvCloth</Filter>
    </ClInclude>
    <ClInclude Include="C:\Users\Julie\Documents\GitHub\NvCloth\NvCloth\include\NvCloth\Solver.h">
      <Filter>include\NvCloth</Filter>
    </ClInclude>
    <ClInclude Include="C:\Users\Julie\Documents\GitHub\NvCloth\NvCloth\src\BoundingBox.h">
      <Filter>src</Filter>
    </ClInclude>
    <ClInclude Include="C:\Users\Julie\Documents\GitHub\NvCloth\NvCloth\src\ClothBase.h">
      <Filter>src</Filter>
    </ClInclude>
    <ClInclude Include="C:\Users\Julie\Documents\GitHub\NvCloth\NvCloth\src\ClothClone.h">
      <Filter>src</Filter>
    </ClInclude>
    <ClInclude Include="C:\Users\Julie\Documents\GitHub\NvCloth\NvCloth\src\ClothImpl.h">
      <Filter>src</Filter>
    </ClInclude>
    <ClInclude Include="C:\Users\Julie\Documents\GitHub\NvCloth\NvCloth\src\IndexPair.h">
      <Filter>src</Filter>
    </ClInclude>
    <ClInclude Include="C:\Users\Julie\Documents\GitHub\NvCloth\NvCloth\src\IterationState.h">
      <Filter>src</Filter>
    </ClInclude>
    <ClInclude Include="C:\Users\Julie\Documents\GitHub\NvCloth\NvCloth\src\MovingAverage.h">
      <Filter>src</Filter>
    </ClInclude>
    <ClInclude Include="C:\Users\Julie\Documents\GitHub\NvCloth\NvCloth\src\PointInterpolator.h">
      <Filter>src</Filter>
    </ClInclude>
    <ClInclude Include="C:\Users\Julie\Documents\GitHub\NvCloth\NvCloth\src\Simd.h">
      <Filter>src</Filter>
    </ClInclude>
    <ClInclude Include="C:\Users\Julie\Documents\GitHub\NvCloth\NvCloth\src\StackAllocator.h">
      <Filter>src</Filter>
    </ClInclude>
    <ClInclude Include="C:\Users\Julie\Documents\GitHub\NvCloth\NvCloth\src\SwCloth.h">
      <Filter>src</Filter>
    </ClInclude>
    <ClInclude Include="C:\Users\Julie\Documents\GitHub\NvCloth\NvCloth\src\SwClothData.h">
      <Filter>src</Filter>
    </ClInclude>
    <ClInclude Include="C:\Users\Julie\Documents\GitHub\NvCloth\NvCloth\src\SwCollision.h">
      <Filter>src</Filter>
    </ClInclude>
    <ClInclude Include="C:\Users\Julie\Documents\GitHub\NvCloth\NvCloth\src\SwCollisionHelpers.h">
      <Filter>src</Filter>
    </ClInclude>
    <ClInclude Include="C:\Users\Julie\Documents\GitHub\NvCloth\NvCloth\src\SwFabric.h">
      <Filter>src</Filter>
    </ClInclude>
    <ClInclude Include="C:\Users\Julie\Documents\GitHub\NvCloth\NvCloth\src\SwFactory.h">
      <Filter>src</Filter>
    </ClInclude>
    <ClInclude Include="C:\Users\Julie\Documents\GitHub\NvCloth\NvCloth\src\SwInterCollision.h">
      <Filter>src</Filter>
    </ClInclude>
    <ClInclude Include="C:\Users\Julie\Documents\GitHub\NvCloth\NvCloth\src\SwSelfCollision.h">
      <Filter>src</Filter>
    </ClInclude>
    <ClInclude Include="C:\Users\Julie\Documents\GitHub\NvCloth\NvCloth\src\SwSolver.h">
      <Filter>src</Filter>
    </ClInclude>
    <ClInclude Include="C:\Users\Julie\Documents\GitHub\NvCloth\NvCloth\src\SwSolverKernel.h">
      <Filter>src</Filter>
    </ClInclude>
    <ClInclude Include="C:\Users\Julie\Documents\GitHub\NvCloth\NvCloth\src\TripletScheduler.h">
      <Filter>src</Filter>
    </ClInclude>
    <ClInclude Include="C:\Users\Julie\Documents\GitHub\NvCloth\NvCloth\src\Vec4T.h">
      <Filter>src</Filter>
    </ClInclude>
    <ClInclude Include="C:\Users\Julie\Documents\GitHub\NvCloth\NvCloth\src\NvSimd\NvSimd4f.h">
      <Filter>src\NvSimd</Filter>
    </ClInclude>
    <ClInclude Include="C:\Users\Julie\Documents\GitHub\NvCloth\NvCloth\src\NvSimd\NvSimd4i.h">
      <Filter>src\NvSimd</Filter>
    </ClInclude>
    <ClInclude Include="C:\Users\Julie\Documents\GitHub\NvCloth\NvCloth\src\NvSimd\NvSimdTypes.h">
      <Filter>src\NvSimd</Filter>
    </ClInclude>
    <ClInclude Include="C:\Users\Julie\Documents\GitHub\NvCloth\NvCloth\src\NvSimd\neon\NvNeonSimd4f.h">
      <Filter>src\NvSimd\neon</Filter>
    </ClInclude>
    <ClInclude Include="C:\Users\Julie\Documents\GitHub\NvCloth\NvCloth\src\NvSimd\neon\NvNeonSimd4i.h">
      <Filter>src\NvSimd\neon</Filter>
    </ClInclude>
    <ClInclude Include="C:\Users\Julie\Documents\GitHub\NvCloth\NvCloth\src\NvSimd\neon\NvNeonSimdTypes.h">
      <Filter>src\NvSimd\neon</Filter>
    </ClInclude>
    <ClInclude Include="C:\Users\Julie\Documents\GitHub\NvCloth\NvCloth\src\NvSimd\scalar\NvScalarSimd4f.h">
      <Filter>src\NvSimd\scalar</Filter>
    </ClInclude>
    <ClInclude Include="C:\Users\Julie\Documents\GitHub\NvCloth\NvCloth\src\NvSimd\scalar\NvScalarSimd4i.h">
      <Filter>src\NvSimd\scalar</Filter>
    </ClInclude>
    <ClInclude Include="C:\Users\Julie\Documents\GitHub\NvCloth\NvCloth\src\NvSimd\scalar\NvScalarSimdTypes.h">
      <Filter>src\NvSimd\scalar</Filter>
    </ClInclude>
    <ClInclude Include="C:\Users\Julie\Documents\GitHub\NvCloth\NvCloth\src\NvSimd\sse2\NvSse2Simd4f.h">
      <Filter>src\NvSimd\sse2</Filter>
    </ClInclude>
    <ClInclude Include="C:\Users\Julie\Documents\GitHub\NvCloth\NvCloth\src\NvSimd\sse2\NvSse2Simd4i.h">
      <Filter>src\NvSimd\sse2</Filter>
    </ClInclude>
    <ClInclude Include="C:\Users\Julie\Documents\GitHub\NvCloth\NvCloth\src\NvSimd\sse2\NvSse2SimdTypes.h">
      <Filter>src\NvSimd\sse2</Filter>
    </ClInclude>
    <ClInclude Include="C:\Users\Julie\Documents\GitHub\NvCloth\NvCloth\src\scalar\SwCollisionHelpers.h">
      <Filter>src\scalar</Filter>
    </ClInclude>
    <ClInclude Include="C:\Users\Julie\Documents\GitHub\NvCloth\NvCloth\src\sse2\SwCollisionHelpers.h">
      <Filter>src\sse2</Filter>
    </ClInclude>
    <ClInclude Include="C:\Users\Julie\Documents\GitHub\NvCloth\NvCloth\src\sse2\SwSolveConstraints.h">
      <Filter>src\sse2</Filter>
    </ClInclude>
    <ClInclude Include="C:\Users\Julie\Documents\GitHub\NvCloth\NvCloth\extensions\include\NvClothExt\ClothFabricCooker.h">
      <Filter>extensions\include\NvClothExt</Filter>
    </ClInclude>
    <ClInclude Include="C:\Users\Julie\Documents\GitHub\NvCloth\NvCloth\extensions\include\NvClothExt\ClothMeshDesc.h">
      <Filter>extensions\include\NvClothExt</Filter>
    </ClInclude>
    <ClInclude Include="C:\Users\Julie\Documents\GitHub\NvCloth\NvCloth\extensions\include\NvClothExt\ClothMeshQuadifier.h">
      <Filter>extensions\include\NvClothExt</Filter>
    </ClInclude>
    <ClInclude Include="C:\Users\Julie\Documents\GitHub\NvCloth\NvCloth\extensions\include\NvClothExt\ClothTetherCooker.h">
      <Filter>extensions\include\NvClothExt</Filter>
    </ClInclude>
  </ItemGroup>
  <ItemGroup>
    <CustomBuild Include="C:\Users\Julie\Documents\GitHub\NvCloth\NvCloth\src\cuda\CuSolverKernel.cu">
      <Filter>src\cuda</Filter>
    </CustomBuild>
    <CustomBuild Include="C:\Users\Julie\Documents\GitHub\NvCloth\NvCloth\compiler\cmake\windows\CMakeLists.txt" />
    <CustomBuild Include="C:\Users\Julie\Documents\GitHub\NvCloth\NvCloth\compiler\vc14win32-cmake\CMakeFiles\6ee5e5f2e77399833fd7df404fa2b339\CuSolverKernelBlob.h.rule">
      <Filter>CMake Rules</Filter>
    </CustomBuild>
  </ItemGroup>
  <ItemGroup>
    <FXCompile Include="C:\Users\Julie\Documents\GitHub\NvCloth\NvCloth\src\dx\DxSolverKernel.hlsl">
      <Filter>src\dx</Filter>
    </FXCompile>
  </ItemGroup>
  <ItemGroup>
    <None Include="C:\Users\Julie\Documents\GitHub\NvCloth\NvCloth\src\dx\DxSortKernel.inc">
      <Filter>src\dx</Filter>
    </None>
  </ItemGroup>
  <ItemGroup>
    <Filter Include="include\NvCloth">
      <UniqueIdentifier>{3D42CB61-3558-391D-9C77-71AFAF8EB9C4}</UniqueIdentifier>
    </Filter>
    <Filter Include="extensions\include\NvClothExt">
      <UniqueIdentifier>{F7945139-7AA2-343C-9201-3847935B49EF}</UniqueIdentifier>
    </Filter>
    <Filter Include="CMake Rules">
      <UniqueIdentifier>{A5DCC637-BD4A-3F47-8939-8BDE7B4D6B15}</UniqueIdentifier>
    </Filter>
    <Filter Include="src">
      <UniqueIdentifier>{2E596345-7C2F-3F09-9D0C-8320F898E1CA}</UniqueIdentifier>
    </Filter>
    <Filter Include="include">
      <UniqueIdentifier>{139576DE-A55C-349B-B26C-F20466BCC7C9}</UniqueIdentifier>
    </Filter>
    <Filter Include="extensions">
      <UniqueIdentifier>{9562D743-D466-3569-8AA6-E6CEDD9250EB}</UniqueIdentifier>
    </Filter>
    <Filter Include="src\NvSimd\neon">
      <UniqueIdentifier>{D67ABBC1-BB6D-388D-9E90-9D72E14B86C0}</UniqueIdentifier>
    </Filter>
    <Filter Include="src\NvSimd\scalar">
      <UniqueIdentifier>{33A9E66F-8490-3184-A4DE-6267633CAE92}</UniqueIdentifier>
    </Filter>
    <Filter Include="src\NvSimd\sse2">
      <UniqueIdentifier>{1B84AFE0-806C-3491-97BE-7647BF95C46E}</UniqueIdentifier>
    </Filter>
    <Filter Include="extensions\include">
      <UniqueIdentifier>{26AB692A-051C-34B6-9894-81C3DBD1E853}</UniqueIdentifier>
    </Filter>
    <Filter Include="extensions\src">
      <UniqueIdentifier>{4F233A49-01FF-3129-A0FF-0C7C84B319F0}</UniqueIdentifier>
    </Filter>
    <Filter Include="src\cuda">
      <UniqueIdentifier>{C1678312-19F5-36C0-9F19-F5D9B0478076}</UniqueIdentifier>
    </Filter>
    <Filter Include="src\dx">
      <UniqueIdentifier>{C4C91219-264C-3903-99FD-941ADB7EB3B8}</UniqueIdentifier>
    </Filter>
    <Filter Include="src\avx">
      <UniqueIdentifier>{C8A0A802-E0F0-32CF-9318-112A8111B3F7}</UniqueIdentifier>
    </Filter>
    <Filter Include="src\NvSimd">
      <UniqueIdentifier>{E2FDA8FB-9F9D-3879-B677-C9BCDA035669}</UniqueIdentifier>
    </Filter>
    <Filter Include="src\scalar">
      <UniqueIdentifier>{7DD7CF81-21B2-3F29-9783-E06D5B7F2F54}</UniqueIdentifier>
    </Filter>
    <Filter Include="src\sse2">
      <UniqueIdentifier>{C17BE04A-D148-3AAC-801D-C246B48A6003}</UniqueIdentifier>
    </Filter>
  </ItemGroup>
</Project>
